
Microsoft Visual Studio Solution File, Format Version 12.00
# Visual Studio 15
VisualStudioVersion = 15.0.28307.489
MinimumVisualStudioVersion = 10.0.40219.1
Project("{FAE04EC0-301F-11D3-BF4B-00C04F79EFBC}") = "TDD_CasaCodigo", "TDD_CasaCodigo\TDD_CasaCodigo.csproj", "{46CC958C-31DA-4F1E-B248-24A984DC1C6F}"
EndProject
Project("{FAE04EC0-301F-11D3-BF4B-00C04F79EFBC}") = "Test", "Test\Test.csproj", "{0F38665B-D7AE-4D94-A264-FEB20628F9E8}"
EndProject
Global
	GlobalSection(SolutionConfigurationPlatforms) = preSolution
		Debug|Any CPU = Debug|Any CPU
		Release|Any CPU = Release|Any CPU
	EndGlobalSection
	GlobalSection(ProjectConfigurationPlatforms) = postSolution
		{46CC958C-31DA-4F1E-B248-24A984DC1C6F}.Debug|Any CPU.ActiveCfg = Debug|Any CPU
		{46CC958C-31DA-4F1E-B248-24A984DC1C6F}.Debug|Any CPU.Build.0 = Debug|Any CPU
		{46CC958C-31DA-4F1E-B248-24A984DC1C6F}.Release|Any CPU.ActiveCfg = Release|Any CPU
		{46CC958C-31DA-4F1E-B248-24A984DC1C6F}.Release|Any CPU.Build.0 = Release|Any CPU
		{0F38665B-D7AE-4D94-A264-FEB20628F9E8}.Debug|Any CPU.ActiveCfg = Debug|Any CPU
		{0F38665B-D7AE-4D94-A264-FEB20628F9E8}.Debug|Any CPU.Build.0 = Debug|Any CPU
		{0F38665B-D7AE-4D94-A264-FEB20628F9E8}.Release|Any CPU.ActiveCfg = Release|Any CPU
		{0F38665B-D7AE-4D94-A264-FEB20628F9E8}.Release|Any CPU.Build.0 = Release|Any CPU
	EndGlobalSection
	GlobalSection(SolutionProperties) = preSolution
		HideSolutionNode = FALSE
	EndGlobalSection
	GlobalSection(ExtensibilityGlobals) = postSolution
		SolutionGuid = {915D16D4-9C04-4B7B-93D5-F328A3215A8D}
	EndGlobalSection
EndGlobal
